
Microsoft Visual Studio Solution File, Format Version 12.00
# Visual Studio Version 16
VisualStudioVersion = 16.0.810.20
MinimumVisualStudioVersion = 10.0.40219.1
Project("{FAE04EC0-301F-11D3-BF4B-00C04F79EFBC}") = "ValeryOOP", "ValeryOOP.csproj", "{BB2E0F60-E0F1-4FAA-A050-65CDE44EF481}"
EndProject
Global
	GlobalSection(SolutionConfigurationPlatforms) = preSolution
		Debug|Any CPU = Debug|Any CPU
		Release|Any CPU = Release|Any CPU
	EndGlobalSection
	GlobalSection(ProjectConfigurationPlatforms) = postSolution
		{BB2E0F60-E0F1-4FAA-A050-65CDE44EF481}.Debug|Any CPU.ActiveCfg = Debug|Any CPU
		{BB2E0F60-E0F1-4FAA-A050-65CDE44EF481}.Debug|Any CPU.Build.0 = Debug|Any CPU
		{BB2E0F60-E0F1-4FAA-A050-65CDE44EF481}.Release|Any CPU.ActiveCfg = Release|Any CPU
		{BB2E0F60-E0F1-4FAA-A050-65CDE44EF481}.Release|Any CPU.Build.0 = Release|Any CPU
	EndGlobalSection
	GlobalSection(SolutionProperties) = preSolution
		HideSolutionNode = FALSE
	EndGlobalSection
	GlobalSection(ExtensibilityGlobals) = postSolution
		SolutionGuid = {19F45D82-061B-4136-9CED-3D659E7A870D}
	EndGlobalSection
EndGlobal
